
Microsoft Visual Studio Solution File, Format Version 12.00
# Visual Studio Version 17
VisualStudioVersion = 17.14.36429.23 d17.14
MinimumVisualStudioVersion = 10.0.40219.1
Project("{FAE04EC0-301F-11D3-BF4B-00C04F79EFBC}") = "ZombieTweak2", "ZombieTweak2.csproj", "{217CAE0B-88AA-461B-A4C5-8817104DC666}"
EndProject
Global
	GlobalSection(SolutionConfigurationPlatforms) = preSolution
		Debug|x64 = Debug|x64
		Release|x64 = Release|x64
	EndGlobalSection
	GlobalSection(ProjectConfigurationPlatforms) = postSolution
		{217CAE0B-88AA-461B-A4C5-8817104DC666}.Debug|x64.ActiveCfg = Debug|x64
		{217CAE0B-88AA-461B-A4C5-8817104DC666}.Debug|x64.Build.0 = Debug|x64
		{217CAE0B-88AA-461B-A4C5-8817104DC666}.Release|x64.ActiveCfg = Release|x64
		{217CAE0B-88AA-461B-A4C5-8817104DC666}.Release|x64.Build.0 = Release|x64
	EndGlobalSection
	GlobalSection(SolutionProperties) = preSolution
		HideSolutionNode = FALSE
	EndGlobalSection
	GlobalSection(ExtensibilityGlobals) = postSolution
		SolutionGuid = {2AAC14CE-3193-42F0-A6DD-193AB76632C2}
	EndGlobalSection
EndGlobal
